
Microsoft Visual Studio Solution File, Format Version 12.00
# Visual Studio Version 17
VisualStudioVersion = 17.6.33723.286
MinimumVisualStudioVersion = 10.0.40219.1
Project("{FAE04EC0-301F-11D3-BF4B-00C04F79EFBC}") = "XLab08.Android", "XLab08\XLab08.Android\XLab08.Android.csproj", "{E8FC8ADF-B7E9-4C0E-AFFC-78E597CA82BA}"
EndProject
Project("{FAE04EC0-301F-11D3-BF4B-00C04F79EFBC}") = "XLab08.iOS", "XLab08\XLab08.iOS\XLab08.iOS.csproj", "{135E4434-8491-4500-9EB3-22B6996A942F}"
EndProject
Project("{FAE04EC0-301F-11D3-BF4B-00C04F79EFBC}") = "XLab08", "XLab08\XLab08\XLab08.csproj", "{4410056A-C6CA-4600-9FDA-2DFE4F7F54E7}"
EndProject
Global
	GlobalSection(SolutionConfigurationPlatforms) = preSolution
		Debug|Any CPU = Debug|Any CPU
		Debug|iPhone = Debug|iPhone
		Debug|iPhoneSimulator = Debug|iPhoneSimulator
		Release|Any CPU = Release|Any CPU
		Release|iPhone = Release|iPhone
		Release|iPhoneSimulator = Release|iPhoneSimulator
	EndGlobalSection
	GlobalSection(ProjectConfigurationPlatforms) = postSolution
		{E8FC8ADF-B7E9-4C0E-AFFC-78E597CA82BA}.Debug|Any CPU.ActiveCfg = Debug|Any CPU
		{E8FC8ADF-B7E9-4C0E-AFFC-78E597CA82BA}.Debug|Any CPU.Build.0 = Debug|Any CPU
		{E8FC8ADF-B7E9-4C0E-AFFC-78E597CA82BA}.Debug|Any CPU.Deploy.0 = Debug|Any CPU
		{E8FC8ADF-B7E9-4C0E-AFFC-78E597CA82BA}.Debug|iPhone.ActiveCfg = Debug|Any CPU
		{E8FC8ADF-B7E9-4C0E-AFFC-78E597CA82BA}.Debug|iPhone.Build.0 = Debug|Any CPU
		{E8FC8ADF-B7E9-4C0E-AFFC-78E597CA82BA}.Debug|iPhone.Deploy.0 = Debug|Any CPU
		{E8FC8ADF-B7E9-4C0E-AFFC-78E597CA82BA}.Debug|iPhoneSimulator.ActiveCfg = Debug|Any CPU
		{E8FC8ADF-B7E9-4C0E-AFFC-78E597CA82BA}.Debug|iPhoneSimulator.Build.0 = Debug|Any CPU
		{E8FC8ADF-B7E9-4C0E-AFFC-78E597CA82BA}.Debug|iPhoneSimulator.Deploy.0 = Debug|Any CPU
		{E8FC8ADF-B7E9-4C0E-AFFC-78E597CA82BA}.Release|Any CPU.ActiveCfg = Release|Any CPU
		{E8FC8ADF-B7E9-4C0E-AFFC-78E597CA82BA}.Release|Any CPU.Build.0 = Release|Any CPU
		{E8FC8ADF-B7E9-4C0E-AFFC-78E597CA82BA}.Release|Any CPU.Deploy.0 = Release|Any CPU
		{E8FC8ADF-B7E9-4C0E-AFFC-78E597CA82BA}.Release|iPhone.ActiveCfg = Release|Any CPU
		{E8FC8ADF-B7E9-4C0E-AFFC-78E597CA82BA}.Release|iPhone.Build.0 = Release|Any CPU
		{E8FC8ADF-B7E9-4C0E-AFFC-78E597CA82BA}.Release|iPhone.Deploy.0 = Release|Any CPU
		{E8FC8ADF-B7E9-4C0E-AFFC-78E597CA82BA}.Release|iPhoneSimulator.ActiveCfg = Release|Any CPU
		{E8FC8ADF-B7E9-4C0E-AFFC-78E597CA82BA}.Release|iPhoneSimulator.Build.0 = Release|Any CPU
		{E8FC8ADF-B7E9-4C0E-AFFC-78E597CA82BA}.Release|iPhoneSimulator.Deploy.0 = Release|Any CPU
		{135E4434-8491-4500-9EB3-22B6996A942F}.Debug|Any CPU.ActiveCfg = Debug|iPhone
		{135E4434-8491-4500-9EB3-22B6996A942F}.Debug|Any CPU.Build.0 = Debug|iPhone
		{135E4434-8491-4500-9EB3-22B6996A942F}.Debug|Any CPU.Deploy.0 = Debug|iPhone
		{135E4434-8491-4500-9EB3-22B6996A942F}.Debug|iPhone.ActiveCfg = Debug|iPhone
		{135E4434-8491-4500-9EB3-22B6996A942F}.Debug|iPhone.Build.0 = Debug|iPhone
		{135E4434-8491-4500-9EB3-22B6996A942F}.Debug|iPhone.Deploy.0 = Debug|iPhone
		{135E4434-8491-4500-9EB3-22B6996A942F}.Debug|iPhoneSimulator.ActiveCfg = Debug|iPhoneSimulator
		{135E4434-8491-4500-9EB3-22B6996A942F}.Debug|iPhoneSimulator.Build.0 = Debug|iPhoneSimulator
		{135E4434-8491-4500-9EB3-22B6996A942F}.Debug|iPhoneSimulator.Deploy.0 = Debug|iPhoneSimulator
		{135E4434-8491-4500-9EB3-22B6996A942F}.Release|Any CPU.ActiveCfg = Release|iPhoneSimulator
		{135E4434-8491-4500-9EB3-22B6996A942F}.Release|Any CPU.Build.0 = Release|iPhoneSimulator
		{135E4434-8491-4500-9EB3-22B6996A942F}.Release|Any CPU.Deploy.0 = Release|iPhoneSimulator
		{135E4434-8491-4500-9EB3-22B6996A942F}.Release|iPhone.ActiveCfg = Release|iPhone
		{135E4434-8491-4500-9EB3-22B6996A942F}.Release|iPhone.Build.0 = Release|iPhone
		{135E4434-8491-4500-9EB3-22B6996A942F}.Release|iPhone.Deploy.0 = Release|iPhone
		{135E4434-8491-4500-9EB3-22B6996A942F}.Release|iPhoneSimulator.ActiveCfg = Release|iPhoneSimulator
		{135E4434-8491-4500-9EB3-22B6996A942F}.Release|iPhoneSimulator.Build.0 = Release|iPhoneSimulator
		{135E4434-8491-4500-9EB3-22B6996A942F}.Release|iPhoneSimulator.Deploy.0 = Release|iPhoneSimulator
		{4410056A-C6CA-4600-9FDA-2DFE4F7F54E7}.Debug|Any CPU.ActiveCfg = Debug|Any CPU
		{4410056A-C6CA-4600-9FDA-2DFE4F7F54E7}.Debug|Any CPU.Build.0 = Debug|Any CPU
		{4410056A-C6CA-4600-9FDA-2DFE4F7F54E7}.Debug|Any CPU.Deploy.0 = Debug|Any CPU
		{4410056A-C6CA-4600-9FDA-2DFE4F7F54E7}.Debug|iPhone.ActiveCfg = Debug|Any CPU
		{4410056A-C6CA-4600-9FDA-2DFE4F7F54E7}.Debug|iPhone.Build.0 = Debug|Any CPU
		{4410056A-C6CA-4600-9FDA-2DFE4F7F54E7}.Debug|iPhone.Deploy.0 = Debug|Any CPU
		{4410056A-C6CA-4600-9FDA-2DFE4F7F54E7}.Debug|iPhoneSimulator.ActiveCfg = Debug|Any CPU
		{4410056A-C6CA-4600-9FDA-2DFE4F7F54E7}.Debug|iPhoneSimulator.Build.0 = Debug|Any CPU
		{4410056A-C6CA-4600-9FDA-2DFE4F7F54E7}.Debug|iPhoneSimulator.Deploy.0 = Debug|Any CPU
		{4410056A-C6CA-4600-9FDA-2DFE4F7F54E7}.Release|Any CPU.ActiveCfg = Release|Any CPU
		{4410056A-C6CA-4600-9FDA-2DFE4F7F54E7}.Release|Any CPU.Build.0 = Release|Any CPU
		{4410056A-C6CA-4600-9FDA-2DFE4F7F54E7}.Release|Any CPU.Deploy.0 = Release|Any CPU
		{4410056A-C6CA-4600-9FDA-2DFE4F7F54E7}.Release|iPhone.ActiveCfg = Release|Any CPU
		{4410056A-C6CA-4600-9FDA-2DFE4F7F54E7}.Release|iPhone.Build.0 = Release|Any CPU
		{4410056A-C6CA-4600-9FDA-2DFE4F7F54E7}.Release|iPhone.Deploy.0 = Release|Any CPU
		{4410056A-C6CA-4600-9FDA-2DFE4F7F54E7}.Release|iPhoneSimulator.ActiveCfg = Release|Any CPU
		{4410056A-C6CA-4600-9FDA-2DFE4F7F54E7}.Release|iPhoneSimulator.Build.0 = Release|Any CPU
		{4410056A-C6CA-4600-9FDA-2DFE4F7F54E7}.Release|iPhoneSimulator.Deploy.0 = Release|Any CPU
	EndGlobalSection
	GlobalSection(SolutionProperties) = preSolution
		HideSolutionNode = FALSE
	EndGlobalSection
	GlobalSection(ExtensibilityGlobals) = postSolution
		SolutionGuid = {88D9C970-4E4E-4DC6-A43D-873D4C252AFC}
	EndGlobalSection
EndGlobal
